// !$*UTF8*$!
{
	archiveVersion = 1;
	classes = {
	};
	objectVersion = 46;
	objects = {

/* Begin PBXBuildFile section */
		4903B49A1E3273AA00AE99A9 /* AppDelegate.swift in Sources */ = {isa = PBXBuildFile; fileRef = 4903B4991E3273AA00AE99A9 /* AppDelegate.swift */; };
		4903B49C1E3273AA00AE99A9 /* ViewController.swift in Sources */ = {isa = PBXBuildFile; fileRef = 4903B49B1E3273AA00AE99A9 /* ViewController.swift */; };
		4903B49F1E3273AA00AE99A9 /* Main.storyboard in Resources */ = {isa = PBXBuildFile; fileRef = 4903B49D1E3273AA00AE99A9 /* Main.storyboard */; };
		4903B4A21E3273AA00AE99A9 /* AddressBook.xcdatamodeld in Sources */ = {isa = PBXBuildFile; fileRef = 4903B4A01E3273AA00AE99A9 /* AddressBook.xcdatamodeld */; };
		4903B4A41E3273AA00AE99A9 /* Assets.xcassets in Resources */ = {isa = PBXBuildFile; fileRef = 4903B4A31E3273AA00AE99A9 /* Assets.xcassets */; };
		4903B4A71E3273AA00AE99A9 /* LaunchScreen.storyboard in Resources */ = {isa = PBXBuildFile; fileRef = 4903B4A51E3273AA00AE99A9 /* LaunchScreen.storyboard */; };
		4903B4B21E3273AA00AE99A9 /* AddressBookTests.swift in Sources */ = {isa = PBXBuildFile; fileRef = 4903B4B11E3273AA00AE99A9 /* AddressBookTests.swift */; };
/* End PBXBuildFile section */

/* Begin PBXContainerItemProxy section */
		4903B4AE1E3273AA00AE99A9 /* PBXContainerItemProxy */ = {
			isa = PBXContainerItemProxy;
			containerPortal = 4903B48E1E3273A900AE99A9 /* Project object */;
			proxyType = 1;
			remoteGlobalIDString = 4903B4951E3273AA00AE99A9;
			remoteInfo = AddressBook;
		};
/* End PBXContainerItemProxy section */

/* Begin PBXFileReference section */
		4903B4961E3273AA00AE99A9 /* AddressBook.app */ = {isa = PBXFileReference; explicitFileType = wrapper.application; includeInIndex = 0; path = AddressBook.app; sourceTree = BUILT_PRODUCTS_DIR; };
		4903B4991E3273AA00AE99A9 /* AppDelegate.swift */ = {isa = PBXFileReference; lastKnownFileType = sourcecode.swift; path = AppDelegate.swift; sourceTree = "<group>"; };
		4903B49B1E3273AA00AE99A9 /* ViewController.swift */ = {isa = PBXFileReference; lastKnownFileType = sourcecode.swift; path = ViewController.swift; sourceTree = "<group>"; };
		4903B49E1E3273AA00AE99A9 /* Base */ = {isa = PBXFileReference; lastKnownFileType = file.storyboard; name = Base; path = Base.lproj/Main.storyboard; sourceTree = "<group>"; };
		4903B4A11E3273AA00AE99A9 /* AddressBook.xcdatamodel */ = {isa = PBXFileReference; lastKnownFileType = wrapper.xcdatamodel; path = AddressBook.xcdatamodel; sourceTree = "<group>"; };
		4903B4A31E3273AA00AE99A9 /* Assets.xcassets */ = {isa = PBXFileReference; lastKnownFileType = folder.assetcatalog; path = Assets.xcassets; sourceTree = "<group>"; };
		4903B4A61E3273AA00AE99A9 /* Base */ = {isa = PBXFileReference; lastKnownFileType = file.storyboard; name = Base; path = Base.lproj/LaunchScreen.storyboard; sourceTree = "<group>"; };
		4903B4A81E3273AA00AE99A9 /* Info.plist */ = {isa = PBXFileReference; lastKnownFileType = text.plist.xml; path = Info.plist; sourceTree = "<group>"; };
		4903B4AD1E3273AA00AE99A9 /* AddressBookTests.xctest */ = {isa = PBXFileReference; explicitFileType = wrapper.cfbundle; includeInIndex = 0; path = AddressBookTests.xctest; sourceTree = BUILT_PRODUCTS_DIR; };
		4903B4B11E3273AA00AE99A9 /* AddressBookTests.swift */ = {isa = PBXFileReference; lastKnownFileType = sourcecode.swift; path = AddressBookTests.swift; sourceTree = "<group>"; };
		4903B4B31E3273AA00AE99A9 /* Info.plist */ = {isa = PBXFileReference; lastKnownFileType = text.plist.xml; path = Info.plist; sourceTree = "<group>"; };
/* End PBXFileReference section */

/* Begin PBXFrameworksBuildPhase section */
		4903B4931E3273AA00AE99A9 /* Frameworks */ = {
			isa = PBXFrameworksBuildPhase;
			buildActionMask = 2147483647;
			files = (
			);
			runOnlyForDeploymentPostprocessing = 0;
		};
		4903B4AA1E3273AA00AE99A9 /* Frameworks */ = {
			isa = PBXFrameworksBuildPhase;
			buildActionMask = 2147483647;
			files = (
			);
			runOnlyForDeploymentPostprocessing = 0;
		};
/* End PBXFrameworksBuildPhase section */

/* Begin PBXGroup section */
		4903B48D1E3273A900AE99A9 = {
			isa = PBXGroup;
			children = (
				4903B4981E3273AA00AE99A9 /* AddressBook */,
				4903B4B01E3273AA00AE99A9 /* AddressBookTests */,
				4903B4971E3273AA00AE99A9 /* Products */,
			);
			sourceTree = "<group>";
		};
		4903B4971E3273AA00AE99A9 /* Products */ = {
			isa = PBXGroup;
			children = (
				4903B4961E3273AA00AE99A9 /* AddressBook.app */,
				4903B4AD1E3273AA00AE99A9 /* AddressBookTests.xctest */,
			);
			name = Products;
			sourceTree = "<group>";
		};
		4903B4981E3273AA00AE99A9 /* AddressBook */ = {
			isa = PBXGroup;
			children = (
				4903B4991E3273AA00AE99A9 /* AppDelegate.swift */,
				4903B49B1E3273AA00AE99A9 /* ViewController.swift */,
				4903B49D1E3273AA00AE99A9 /* Main.storyboard */,
				4903B4A31E3273AA00AE99A9 /* Assets.xcassets */,
				4903B4A51E3273AA00AE99A9 /* LaunchScreen.storyboard */,
				4903B4A81E3273AA00AE99A9 /* Info.plist */,
				4903B4A01E3273AA00AE99A9 /* AddressBook.xcdatamodeld */,
			);
			path = AddressBook;
			sourceTree = "<group>";
		};
		4903B4B01E3273AA00AE99A9 /* AddressBookTests */ = {
			isa = PBXGroup;
			children = (
				4903B4B11E3273AA00AE99A9 /* AddressBookTests.swift */,
				4903B4B31E3273AA00AE99A9 /* Info.plist */,
			);
			path = AddressBookTests;
			sourceTree = "<group>";
		};
/* End PBXGroup section */

/* Begin PBXNativeTarget section */
		4903B4951E3273AA00AE99A9 /* AddressBook */ = {
			isa = PBXNativeTarget;
			buildConfigurationList = 4903B4B61E3273AA00AE99A9 /* Build configuration list for PBXNativeTarget "AddressBook" */;
			buildPhases = (
				4903B4921E3273AA00AE99A9 /* Sources */,
				4903B4931E3273AA00AE99A9 /* Frameworks */,
				4903B4941E3273AA00AE99A9 /* Resources */,
			);
			buildRules = (
			);
			dependencies = (
			);
			name = AddressBook;
			productName = AddressBook;
			productReference = 4903B4961E3273AA00AE99A9 /* AddressBook.app */;
			productType = "com.apple.product-type.application";
		};
		4903B4AC1E3273AA00AE99A9 /* AddressBookTests */ = {
			isa = PBXNativeTarget;
			buildConfigurationList = 4903B4B91E3273AA00AE99A9 /* Build configuration list for PBXNativeTarget "AddressBookTests" */;
			buildPhases = (
				4903B4A91E3273AA00AE99A9 /* Sources */,
				4903B4AA1E3273AA00AE99A9 /* Frameworks */,
				4903B4AB1E3273AA00AE99A9 /* Resources */,
			);
			buildRules = (
			);
			dependencies = (
				4903B4AF1E3273AA00AE99A9 /* PBXTargetDependency */,
			);
			name = AddressBookTests;
			productName = AddressBookTests;
			productReference = 4903B4AD1E3273AA00AE99A9 /* AddressBookTests.xctest */;
			productType = "com.apple.product-type.bundle.unit-test";
		};
/* End PBXNativeTarget section */

/* Begin PBXProject section */
		4903B48E1E3273A900AE99A9 /* Project object */ = {
			isa = PBXProject;
			attributes = {
				LastSwiftUpdateCheck = 0820;
				LastUpgradeCheck = 0820;
				ORGANIZATIONNAME = "Marc Santos";
				TargetAttributes = {
					4903B4951E3273AA00AE99A9 = {
						CreatedOnToolsVersion = 8.2.1;
						DevelopmentTeam = 2MC337ND56;
						ProvisioningStyle = Automatic;
					};
					4903B4AC1E3273AA00AE99A9 = {
						CreatedOnToolsVersion = 8.2.1;
						DevelopmentTeam = 2MC337ND56;
						ProvisioningStyle = Automatic;
						TestTargetID = 4903B4951E3273AA00AE99A9;
					};
				};
			};
			buildConfigurationList = 4903B4911E3273A900AE99A9 /* Build configuration list for PBXProject "AddressBook" */;
			compatibilityVersion = "Xcode 3.2";
			developmentRegion = English;
			hasScannedForEncodings = 0;
			knownRegions = (
				en,
				Base,
			);
			mainGroup = 4903B48D1E3273A900AE99A9;
			productRefGroup = 4903B4971E3273AA00AE99A9 /* Products */;
			projectDirPath = "";
			projectRoot = "";
			targets = (
				4903B4951E3273AA00AE99A9 /* AddressBook */,
				4903B4AC1E3273AA00AE99A9 /* AddressBookTests */,
			);
		};
/* End PBXProject section */

/* Begin PBXResourcesBuildPhase section */
		4903B4941E3273AA00AE99A9 /* Resources */ = {
			isa = PBXResourcesBuildPhase;
			buildActionMask = 2147483647;
			files = (
				4903B4A71E3273AA00AE99A9 /* LaunchScreen.storyboard in Resources */,
				4903B4A41E3273AA00AE99A9 /* Assets.xcassets in Resources */,
				4903B49F1E3273AA00AE99A9 /* Main.storyboard in Resources */,
			);
			runOnlyForDeploymentPostprocessing = 0;
		};
		4903B4AB1E3273AA00AE99A9 /* Resources */ = {
			isa = PBXResourcesBuildPhase;
			buildActionMask = 2147483647;
			files = (
			);
			runOnlyForDeploymentPostprocessing = 0;
		};
/* End PBXResourcesBuildPhase section */

/* Begin PBXSourcesBuildPhase section */
		4903B4921E3273AA00AE99A9 /* Sources */ = {
			isa = PBXSourcesBuildPhase;
			buildActionMask = 2147483647;
			files = (
				4903B4A21E3273AA00AE99A9 /* AddressBook.xcdatamodeld in Sources */,
				4903B49C1E3273AA00AE99A9 /* ViewController.swift in Sources */,
				4903B49A1E3273AA00AE99A9 /* AppDelegate.swift in Sources */,
			);
			runOnlyForDeploymentPostprocessing = 0;
		};
		4903B4A91E3273AA00AE99A9 /* Sources */ = {
			isa = PBXSourcesBuildPhase;
			buildActionMask = 2147483647;
			files = (
				4903B4B21E3273AA00AE99A9 /* AddressBookTests.swift in Sources */,
			);
			runOnlyForDeploymentPostprocessing = 0;
		};
/* End PBXSourcesBuildPhase section */

/* Begin PBXTargetDependency section */
		4903B4AF1E3273AA00AE99A9 /* PBXTargetDependency */ = {
			isa = PBXTargetDependency;
			target = 4903B4951E3273AA00AE99A9 /* AddressBook */;
			targetProxy = 4903B4AE1E3273AA00AE99A9 /* PBXContainerItemProxy */;
		};
/* End PBXTargetDependency section */

/* Begin PBXVariantGroup section */
		4903B49D1E3273AA00AE99A9 /* Main.storyboard */ = {
			isa = PBXVariantGroup;
			children = (
				4903B49E1E3273AA00AE99A9 /* Base */,
			);
			name = Main.storyboard;
			sourceTree = "<group>";
		};
		4903B4A51E3273AA00AE99A9 /* LaunchScreen.storyboard */ = {
			isa = PBXVariantGroup;
			children = (
				4903B4A61E3273AA00AE99A9 /* Base */,
			);
			name = LaunchScreen.storyboard;
			sourceTree = "<group>";
		};
/* End PBXVariantGroup section */

/* Begin XCBuildConfiguration section */
		4903B4B41E3273AA00AE99A9 /* Debug */ = {
			isa = XCBuildConfiguration;
			buildSettings = {
				ALWAYS_SEARCH_USER_PATHS = NO;
				CLANG_ANALYZER_NONNULL = YES;
				CLANG_CXX_LANGUAGE_STANDARD = "gnu++0x";
				CLANG_CXX_LIBRARY = "libc++";
				CLANG_ENABLE_MODULES = YES;
				CLANG_ENABLE_OBJC_ARC = YES;
				CLANG_WARN_BOOL_CONVERSION = YES;
				CLANG_WARN_CONSTANT_CONVERSION = YES;
				CLANG_WARN_DIRECT_OBJC_ISA_USAGE = YES_ERROR;
				CLANG_WARN_DOCUMENTATION_COMMENTS = YES;
				CLANG_WARN_EMPTY_BODY = YES;
				CLANG_WARN_ENUM_CONVERSION = YES;
				CLANG_WARN_INFINITE_RECURSION = YES;
				CLANG_WARN_INT_CONVERSION = YES;
				CLANG_WARN_OBJC_ROOT_CLASS = YES_ERROR;
				CLANG_WARN_SUSPICIOUS_MOVE = YES;
				CLANG_WARN_UNREACHABLE_CODE = YES;
				CLANG_WARN__DUPLICATE_METHOD_MATCH = YES;
				"CODE_SIGN_IDENTITY[sdk=iphoneos*]" = "iPhone Developer";
				COPY_PHASE_STRIP = NO;
				DEBUG_INFORMATION_FORMAT = dwarf;
				ENABLE_STRICT_OBJC_MSGSEND = YES;
				ENABLE_TESTABILITY = YES;
				GCC_C_LANGUAGE_STANDARD = gnu99;
				GCC_DYNAMIC_NO_PIC = NO;
				GCC_NO_COMMON_BLOCKS = YES;
				GCC_OPTIMIZATION_LEVEL = 0;
				GCC_PREPROCESSOR_DEFINITIONS = (
					"DEBUG=1",
					"$(inherited)",
				);
				GCC_WARN_64_TO_32_BIT_CONVERSION = YES;
				GCC_WARN_ABOUT_RETURN_TYPE = YES_ERROR;
				GCC_WARN_UNDECLARED_SELECTOR = YES;
				GCC_WARN_UNINITIALIZED_AUTOS = YES_AGGRESSIVE;
				GCC_WARN_UNUSED_FUNCTION = YES;
				GCC_WARN_UNUSED_VARIABLE = YES;
				IPHONEOS_DEPLOYMENT_TARGET = 10.2;
				MTL_ENABLE_DEBUG_INFO = YES;
				ONLY_ACTIVE_ARCH = YES;
				SDKROOT = iphoneos;
				SWIFT_ACTIVE_COMPILATION_CONDITIONS = DEBUG;
				SWIFT_OPTIMIZATION_LEVEL = "-Onone";
			};
			name = Debug;
		};
		4903B4B51E3273AA00AE99A9 /* Release */ = {
			isa = XCBuildConfiguration;
			buildSettings = {
				ALWAYS_SEARCH_USER_PATHS = NO;
				CLANG_ANALYZER_NONNULL = YES;
				CLANG_CXX_LANGUAGE_STANDARD = "gnu++0x";
				CLANG_CXX_LIBRARY = "libc++";
				CLANG_ENABLE_MODULES = YES;
				CLANG_ENABLE_OBJC_ARC = YES;
				CLANG_WARN_BOOL_CONVERSION = YES;
				CLANG_WARN_CONSTANT_CONVERSION = YES;
				CLANG_WARN_DIRECT_OBJC_ISA_USAGE = YES_ERROR;
				CLANG_WARN_DOCUMENTATION_COMMENTS = YES;
				CLANG_WARN_EMPTY_BODY = YES;
				CLANG_WARN_ENUM_CONVERSION = YES;
				CLANG_WARN_INFINITE_RECURSION = YES;
				CLANG_WARN_INT_CONVERSION = YES;
				CLANG_WARN_OBJC_ROOT_CLASS = YES_ERROR;
				CLANG_WARN_SUSPICIOUS_MOVE = YES;
				CLANG_WARN_UNREACHABLE_CODE = YES;
				CLANG_WARN__DUPLICATE_METHOD_MATCH = YES;
				"CODE_SIGN_IDENTITY[sdk=iphoneos*]" = "iPhone Developer";
				COPY_PHASE_STRIP = NO;
				DEBUG_INFORMATION_FORMAT = "dwarf-with-dsym";
				ENABLE_NS_ASSERTIONS = NO;
				ENABLE_STRICT_OBJC_MSGSEND = YES;
				GCC_C_LANGUAGE_STANDARD = gnu99;
				GCC_NO_COMMON_BLOCKS = YES;
				GCC_WARN_64_TO_32_BIT_CONVERSION = YES;
				GCC_WARN_ABOUT_RETURN_TYPE = YES_ERROR;
				GCC_WARN_UNDECLARED_SELECTOR = YES;
				GCC_WARN_UNINITIALIZED_AUTOS = YES_AGGRESSIVE;
				GCC_WARN_UNUSED_FUNCTION = YES;
				GCC_WARN_UNUSED_VARIABLE = YES;
				IPHONEOS_DEPLOYMENT_TARGET = 10.2;
				MTL_ENABLE_DEBUG_INFO = NO;
				SDKROOT = iphoneos;
				SWIFT_OPTIMIZATION_LEVEL = "-Owholemodule";
				VALIDATE_PRODUCT = YES;
			};
			name = Release;
		};
		4903B4B71E3273AA00AE99A9 /* Debug */ = {
			isa = XCBuildConfiguration;
			buildSettings = {
				ASSETCATALOG_COMPILER_APPICON_NAME = AppIcon;
				DEVELOPMENT_TEAM = 2MC337ND56;
				INFOPLIST_FILE = AddressBook/Info.plist;
				LD_RUNPATH_SEARCH_PATHS = "$(inherited) @executable_path/Frameworks";
				PRODUCT_BUNDLE_IDENTIFIER = "Marc-Santos.AddressBook";
				PRODUCT_NAME = "$(TARGET_NAME)";
				SWIFT_VERSION = 3.0;
			};
			name = Debug;
		};
		4903B4B81E3273AA00AE99A9 /* Release */ = {
			isa = XCBuildConfiguration;
			buildSettings = {
				ASSETCATALOG_COMPILER_APPICON_NAME = AppIcon;
				DEVELOPMENT_TEAM = 2MC337ND56;
				INFOPLIST_FILE = AddressBook/Info.plist;
				LD_RUNPATH_SEARCH_PATHS = "$(inherited) @executable_path/Frameworks";
				PRODUCT_BUNDLE_IDENTIFIER = "Marc-Santos.AddressBook";
				PRODUCT_NAME = "$(TARGET_NAME)";
				SWIFT_VERSION = 3.0;
			};
			name = Release;
		};
		4903B4BA1E3273AA00AE99A9 /* Debug */ = {
			isa = XCBuildConfiguration;
			buildSettings = {
				ALWAYS_EMBED_SWIFT_STANDARD_LIBRARIES = YES;
				BUNDLE_LOADER = "$(TEST_HOST)";
				DEVELOPMENT_TEAM = 2MC337ND56;
				INFOPLIST_FILE = AddressBookTests/Info.plist;
				LD_RUNPATH_SEARCH_PATHS = "$(inherited) @executable_path/Frameworks @loader_path/Frameworks";
				PRODUCT_BUNDLE_IDENTIFIER = "Marc-Santos.AddressBookTests";
				PRODUCT_NAME = "$(TARGET_NAME)";
				SWIFT_VERSION = 3.0;
				TEST_HOST = "$(BUILT_PRODUCTS_DIR)/AddressBook.app/AddressBook";
			};
			name = Debug;
		};
		4903B4BB1E3273AA00AE99A9 /* Release */ = {
			isa = XCBuildConfiguration;
			buildSettings = {
				ALWAYS_EMBED_SWIFT_STANDARD_LIBRARIES = YES;
				BUNDLE_LOADER = "$(TEST_HOST)";
				DEVELOPMENT_TEAM = 2MC337ND56;
				INFOPLIST_FILE = AddressBookTests/Info.plist;
				LD_RUNPATH_SEARCH_PATHS = "$(inherited) @executable_path/Frameworks @loader_path/Frameworks";
				PRODUCT_BUNDLE_IDENTIFIER = "Marc-Santos.AddressBookTests";
				PRODUCT_NAME = "$(TARGET_NAME)";
				SWIFT_VERSION = 3.0;
				TEST_HOST = "$(BUILT_PRODUCTS_DIR)/AddressBook.app/AddressBook";
			};
			name = Release;
		};
/* End XCBuildConfiguration section */

/* Begin XCConfigurationList section */
		4903B4911E3273A900AE99A9 /* Build configuration list for PBXProject "AddressBook" */ = {
			isa = XCConfigurationList;
			buildConfigurations = (
				4903B4B41E3273AA00AE99A9 /* Debug */,
				4903B4B51E3273AA00AE99A9 /* Release */,
			);
			defaultConfigurationIsVisible = 0;
			defaultConfigurationName = Release;
		};
		4903B4B61E3273AA00AE99A9 /* Build configuration list for PBXNativeTarget "AddressBook" */ = {
			isa = XCConfigurationList;
			buildConfigurations = (
				4903B4B71E3273AA00AE99A9 /* Debug */,
				4903B4B81E3273AA00AE99A9 /* Release */,
			);
			defaultConfigurationIsVisible = 0;
		};
		4903B4B91E3273AA00AE99A9 /* Build configuration list for PBXNativeTarget "AddressBookTests" */ = {
			isa = XCConfigurationList;
			buildConfigurations = (
				4903B4BA1E3273AA00AE99A9 /* Debug */,
				4903B4BB1E3273AA00AE99A9 /* Release */,
			);
			defaultConfigurationIsVisible = 0;
		};
/* End XCConfigurationList section */

/* Begin XCVersionGroup section */
		4903B4A01E3273AA00AE99A9 /* AddressBook.xcdatamodeld */ = {
			isa = XCVersionGroup;
			children = (
				4903B4A11E3273AA00AE99A9 /* AddressBook.xcdatamodel */,
			);
			currentVersion = 4903B4A11E3273AA00AE99A9 /* AddressBook.xcdatamodel */;
			path = AddressBook.xcdatamodeld;
			sourceTree = "<group>";
			versionGroupType = wrapper.xcdatamodel;
		};
/* End XCVersionGroup section */
	};
	rootObject = 4903B48E1E3273A900AE99A9 /* Project object */;
}
